// !$*UTF8*$!
{
	archiveVersion = 1;
	classes = {
	};
	objectVersion = 45;
	objects = {

/* Begin PBXBuildFile section */
		4D7A05BC114BCF1400B5967B /* media.hrl in Sources */ = {isa = PBXBuildFile; fileRef = 4D7A05BB114BCF1400B5967B /* media.hrl */; };
		4DF2FC5D106120B50050420B /* game.hrl in Sources */ = {isa = PBXBuildFile; fileRef = 4DF2FC56106120B50050420B /* game.hrl */; };
		4DF2FC5E106120B50050420B /* game_server.erl in Sources */ = {isa = PBXBuildFile; fileRef = 4DF2FC57106120B50050420B /* game_server.erl */; };
		4DF2FC5F106120B50050420B /* led_server.erl in Sources */ = {isa = PBXBuildFile; fileRef = 4DF2FC58106120B50050420B /* led_server.erl */; };
		4DF2FC60106120B50050420B /* pong_app.erl in Sources */ = {isa = PBXBuildFile; fileRef = 4DF2FC59106120B50050420B /* pong_app.erl */; };
		4DF2FC61106120B50050420B /* pong_supervisor.erl in Sources */ = {isa = PBXBuildFile; fileRef = 4DF2FC5A106120B50050420B /* pong_supervisor.erl */; };
		4DF2FC62106120B50050420B /* protocol.hrl in Sources */ = {isa = PBXBuildFile; fileRef = 4DF2FC5B106120B50050420B /* protocol.hrl */; };
		4DF5C39C10A8632C00E3C647 /* executives.erl in Sources */ = {isa = PBXBuildFile; fileRef = 4DF5C39B10A8632C00E3C647 /* executives.erl */; };
/* End PBXBuildFile section */

/* Begin PBXCopyFilesBuildPhase section */
		9B67979D10294F2300CA17A8 /* CopyFiles */ = {
			isa = PBXCopyFilesBuildPhase;
			buildActionMask = 2147483647;
			dstPath = "";
			dstSubfolderSpec = 16;
			files = (
			);
			runOnlyForDeploymentPostprocessing = 0;
		};
/* End PBXCopyFilesBuildPhase section */

/* Begin PBXFileReference section */
		4D4A17B1114BCA5500A42E2C /* distribution_server.html */ = {isa = PBXFileReference; fileEncoding = 4; lastKnownFileType = text.html; path = distribution_server.html; sourceTree = "<group>"; };
		4D4A17B2114BCA5500A42E2C /* edoc-info */ = {isa = PBXFileReference; fileEncoding = 4; lastKnownFileType = text; path = "edoc-info"; sourceTree = "<group>"; };
		4D4A17B3114BCA5500A42E2C /* erlang.png */ = {isa = PBXFileReference; lastKnownFileType = image.png; path = erlang.png; sourceTree = "<group>"; };
		4D4A17B4114BCA5500A42E2C /* index.html */ = {isa = PBXFileReference; fileEncoding = 4; lastKnownFileType = text.html; path = index.html; sourceTree = "<group>"; };
		4D4A17B5114BCA5500A42E2C /* modules-frame.html */ = {isa = PBXFileReference; fileEncoding = 4; lastKnownFileType = text.html; path = "modules-frame.html"; sourceTree = "<group>"; };
		4D4A17B6114BCA5500A42E2C /* overview-summary.html */ = {isa = PBXFileReference; fileEncoding = 4; lastKnownFileType = text.html; path = "overview-summary.html"; sourceTree = "<group>"; };
		4D4A17B7114BCA5500A42E2C /* packages-frame.html */ = {isa = PBXFileReference; fileEncoding = 4; lastKnownFileType = text.html; path = "packages-frame.html"; sourceTree = "<group>"; };
		4D4A17B8114BCA5500A42E2C /* stylesheet.css */ = {isa = PBXFileReference; fileEncoding = 4; lastKnownFileType = text.css; path = stylesheet.css; sourceTree = "<group>"; };
		4D7A05BB114BCF1400B5967B /* media.hrl */ = {isa = PBXFileReference; fileEncoding = 4; lastKnownFileType = sourcecode.erlang.hrl; path = media.hrl; sourceTree = "<group>"; };
		4DBF1CEC10AE00FB00179FC5 /* pong.config */ = {isa = PBXFileReference; lastKnownFileType = text; path = pong.config; sourceTree = "<group>"; };
		4DBF1D5B10B016BC00179FC5 /* applause-7.mp3 */ = {isa = PBXFileReference; lastKnownFileType = audio.mp3; path = "applause-7.mp3"; sourceTree = "<group>"; };
		4DBF1D5C10B016BC00179FC5 /* button-29.mp3 */ = {isa = PBXFileReference; lastKnownFileType = audio.mp3; path = "button-29.mp3"; sourceTree = "<group>"; };
		4DBF1D5D10B016BC00179FC5 /* destination.mp3 */ = {isa = PBXFileReference; lastKnownFileType = audio.mp3; path = destination.mp3; sourceTree = "<group>"; };
		4DBF1D5E10B016BC00179FC5 /* jungle-run.mp3 */ = {isa = PBXFileReference; lastKnownFileType = audio.mp3; path = "jungle-run.mp3"; sourceTree = "<group>"; };
		4DF2FC56106120B50050420B /* game.hrl */ = {isa = PBXFileReference; fileEncoding = 4; lastKnownFileType = sourcecode.erlang.hrl; path = game.hrl; sourceTree = "<group>"; };
		4DF2FC57106120B50050420B /* game_server.erl */ = {isa = PBXFileReference; fileEncoding = 4; lastKnownFileType = sourcecode.erlang.erl; path = game_server.erl; sourceTree = "<group>"; };
		4DF2FC58106120B50050420B /* led_server.erl */ = {isa = PBXFileReference; fileEncoding = 4; lastKnownFileType = sourcecode.erlang.erl; path = led_server.erl; sourceTree = "<group>"; };
		4DF2FC59106120B50050420B /* pong_app.erl */ = {isa = PBXFileReference; fileEncoding = 4; lastKnownFileType = sourcecode.erlang.erl; path = pong_app.erl; sourceTree = "<group>"; };
		4DF2FC5A106120B50050420B /* pong_supervisor.erl */ = {isa = PBXFileReference; fileEncoding = 4; lastKnownFileType = sourcecode.erlang.erl; path = pong_supervisor.erl; sourceTree = "<group>"; };
		4DF2FC5B106120B50050420B /* protocol.hrl */ = {isa = PBXFileReference; fileEncoding = 4; lastKnownFileType = sourcecode.erlang.hrl; path = protocol.hrl; sourceTree = "<group>"; };
		4DF2FC64106120D10050420B /* pong.app */ = {isa = PBXFileReference; fileEncoding = 4; lastKnownFileType = text; path = pong.app; sourceTree = "<group>"; };
		4DF427DE108FA13300505E36 /* runner */ = {isa = PBXFileReference; explicitFileType = compiled.erlang.beam; includeInIndex = 0; path = runner; sourceTree = BUILT_PRODUCTS_DIR; };
		4DF5C39B10A8632C00E3C647 /* executives.erl */ = {isa = PBXFileReference; fileEncoding = 4; lastKnownFileType = sourcecode.erlang.erl; path = executives.erl; sourceTree = "<group>"; };
		4DF95A2D10C5B11E0068028B /* LED-art-Pong-1-locatie-concept.dia */ = {isa = PBXFileReference; lastKnownFileType = file; name = "LED-art-Pong-1-locatie-concept.dia"; path = "doc/LED-art-Pong-1-locatie-concept.dia"; sourceTree = "<group>"; };
		4DF95A2E10C5B11E0068028B /* LED-art-Pong-1-locatie-concept.png */ = {isa = PBXFileReference; lastKnownFileType = image.png; name = "LED-art-Pong-1-locatie-concept.png"; path = "doc/LED-art-Pong-1-locatie-concept.png"; sourceTree = "<group>"; };
		4DF95A2F10C5B11E0068028B /* LED-art-Pong-1-locatie-concept.svg */ = {isa = PBXFileReference; fileEncoding = 4; lastKnownFileType = text.xml; name = "LED-art-Pong-1-locatie-concept.svg"; path = "doc/LED-art-Pong-1-locatie-concept.svg"; sourceTree = "<group>"; };
		4DF95A3010C5B11E0068028B /* LED-art-Pong-1-locatie-praktijk.dia */ = {isa = PBXFileReference; lastKnownFileType = file; name = "LED-art-Pong-1-locatie-praktijk.dia"; path = "doc/LED-art-Pong-1-locatie-praktijk.dia"; sourceTree = "<group>"; };
		4DF95A3110C5B11E0068028B /* LED-art-Pong-1-locatie-praktijk.png */ = {isa = PBXFileReference; lastKnownFileType = image.png; name = "LED-art-Pong-1-locatie-praktijk.png"; path = "doc/LED-art-Pong-1-locatie-praktijk.png"; sourceTree = "<group>"; };
		4DF95A3210C5B11E0068028B /* LED-art-Pong-1-locatie-praktijk.svg */ = {isa = PBXFileReference; fileEncoding = 4; lastKnownFileType = text.xml; name = "LED-art-Pong-1-locatie-praktijk.svg"; path = "doc/LED-art-Pong-1-locatie-praktijk.svg"; sourceTree = "<group>"; };
		9B00F0E210296027000265E6 /* run.sh */ = {isa = PBXFileReference; fileEncoding = 4; lastKnownFileType = text.script.sh; name = run.sh; path = ebin/run.sh; sourceTree = SOURCE_ROOT; };
/* End PBXFileReference section */

/* Begin PBXGroup section */
		08FB7794FE84155DC02AAC07 /* «PROJECTNAME» */ = {
			isa = PBXGroup;
			children = (
				4D4A17B0114BCA5500A42E2C /* edoc */,
				4DF95A2B10C5B1050068028B /* docs */,
				4DBF1D5A10B016BC00179FC5 /* resources */,
				4DBF1CEC10AE00FB00179FC5 /* pong.config */,
				4DF2FC64106120D10050420B /* pong.app */,
				9BEF2C6C102945D200A2912A /* ebin */,
				9BEF2C6D102945D200A2912A /* include */,
				9BEF2C6F102945D200A2912A /* src */,
				4DF427DE108FA13300505E36 /* runner */,
			);
			name = "«PROJECTNAME»";
			sourceTree = "<group>";
		};
		4D4A17B0114BCA5500A42E2C /* edoc */ = {
			isa = PBXGroup;
			children = (
				4D4A17B1114BCA5500A42E2C /* distribution_server.html */,
				4D4A17B2114BCA5500A42E2C /* edoc-info */,
				4D4A17B3114BCA5500A42E2C /* erlang.png */,
				4D4A17B4114BCA5500A42E2C /* index.html */,
				4D4A17B5114BCA5500A42E2C /* modules-frame.html */,
				4D4A17B6114BCA5500A42E2C /* overview-summary.html */,
				4D4A17B7114BCA5500A42E2C /* packages-frame.html */,
				4D4A17B8114BCA5500A42E2C /* stylesheet.css */,
			);
			path = edoc;
			sourceTree = "<group>";
		};
		4DBF1D5A10B016BC00179FC5 /* resources */ = {
			isa = PBXGroup;
			children = (
				4DBF1D5B10B016BC00179FC5 /* applause-7.mp3 */,
				4DBF1D5C10B016BC00179FC5 /* button-29.mp3 */,
				4DBF1D5D10B016BC00179FC5 /* destination.mp3 */,
				4DBF1D5E10B016BC00179FC5 /* jungle-run.mp3 */,
			);
			path = resources;
			sourceTree = "<group>";
		};
		4DF95A2B10C5B1050068028B /* docs */ = {
			isa = PBXGroup;
			children = (
				4DF95A2D10C5B11E0068028B /* LED-art-Pong-1-locatie-concept.dia */,
				4DF95A2E10C5B11E0068028B /* LED-art-Pong-1-locatie-concept.png */,
				4DF95A2F10C5B11E0068028B /* LED-art-Pong-1-locatie-concept.svg */,
				4DF95A3010C5B11E0068028B /* LED-art-Pong-1-locatie-praktijk.dia */,
				4DF95A3110C5B11E0068028B /* LED-art-Pong-1-locatie-praktijk.png */,
				4DF95A3210C5B11E0068028B /* LED-art-Pong-1-locatie-praktijk.svg */,
			);
			name = docs;
			sourceTree = "<group>";
		};
		9BEF2C6C102945D200A2912A /* ebin */ = {
			isa = PBXGroup;
			children = (
				9B00F0E210296027000265E6 /* run.sh */,
			);
			path = ebin;
			sourceTree = "<group>";
		};
		9BEF2C6D102945D200A2912A /* include */ = {
			isa = PBXGroup;
			children = (
			);
			path = include;
			sourceTree = "<group>";
		};
		9BEF2C6F102945D200A2912A /* src */ = {
			isa = PBXGroup;
			children = (
				4D7A05BB114BCF1400B5967B /* media.hrl */,
				4DF5C39B10A8632C00E3C647 /* executives.erl */,
				4DF2FC56106120B50050420B /* game.hrl */,
				4DF2FC57106120B50050420B /* game_server.erl */,
				4DF2FC58106120B50050420B /* led_server.erl */,
				4DF2FC59106120B50050420B /* pong_app.erl */,
				4DF2FC5A106120B50050420B /* pong_supervisor.erl */,
				4DF2FC5B106120B50050420B /* protocol.hrl */,
			);
			path = src;
			sourceTree = "<group>";
		};
/* End PBXGroup section */

/* Begin PBXNativeTarget section */
		9B496A0E1029452D00B64F7F /* pong */ = {
			isa = PBXNativeTarget;
			buildConfigurationList = 9B496A131029452E00B64F7F /* Build configuration list for PBXNativeTarget "pong" */;
			buildPhases = (
				9B496A0D1029452D00B64F7F /* Sources */,
				9B67979D10294F2300CA17A8 /* CopyFiles */,
			);
			buildRules = (
			);
			dependencies = (
			);
			name = pong;
			productName = runner;
			productReference = 4DF427DE108FA13300505E36 /* runner */;
			productType = "org.erlang.product-type.beam";
		};
/* End PBXNativeTarget section */

/* Begin PBXProject section */
		08FB7793FE84155DC02AAC07 /* Project object */ = {
			isa = PBXProject;
			attributes = {
				ORGANIZATIONNAME = "LED-art";
			};
			buildConfigurationList = 1DEB919308733D9F0010E9CD /* Build configuration list for PBXProject "pong" */;
			compatibilityVersion = "Xcode 3.1";
			hasScannedForEncodings = 1;
			mainGroup = 08FB7794FE84155DC02AAC07 /* «PROJECTNAME» */;
			productRefGroup = 08FB7794FE84155DC02AAC07 /* «PROJECTNAME» */;
			projectDirPath = "";
			projectRoot = "";
			targets = (
				9B496A0E1029452D00B64F7F /* pong */,
			);
		};
/* End PBXProject section */

/* Begin PBXSourcesBuildPhase section */
		9B496A0D1029452D00B64F7F /* Sources */ = {
			isa = PBXSourcesBuildPhase;
			buildActionMask = 2147483647;
			files = (
				4DF2FC5D106120B50050420B /* game.hrl in Sources */,
				4DF2FC5E106120B50050420B /* game_server.erl in Sources */,
				4DF2FC5F106120B50050420B /* led_server.erl in Sources */,
				4DF2FC60106120B50050420B /* pong_app.erl in Sources */,
				4DF2FC61106120B50050420B /* pong_supervisor.erl in Sources */,
				4DF2FC62106120B50050420B /* protocol.hrl in Sources */,
				4DF5C39C10A8632C00E3C647 /* executives.erl in Sources */,
				4D7A05BC114BCF1400B5967B /* media.hrl in Sources */,
			);
			runOnlyForDeploymentPostprocessing = 0;
		};
/* End PBXSourcesBuildPhase section */

/* Begin XCBuildConfiguration section */
		4DE68000114BCB9D0003F3E1 /* Runner */ = {
			isa = XCBuildConfiguration;
			buildSettings = {
				ARCHS = "$(ARCHS_STANDARD_32_BIT)";
				GCC_WARN_ABOUT_RETURN_TYPE = YES;
				GCC_WARN_UNUSED_VARIABLE = YES;
				ONLY_ACTIVE_ARCH = YES;
				PREBINDING = NO;
				SDKROOT = macosx10.5;
			};
			name = Runner;
		};
		4DE68001114BCB9D0003F3E1 /* Runner */ = {
			isa = XCBuildConfiguration;
			buildSettings = {
				COPY_PHASE_STRIP = NO;
				GCC_DYNAMIC_NO_PIC = NO;
				GCC_OPTIMIZATION_LEVEL = 0;
				PRODUCT_NAME = runner;
			};
			name = Runner;
		};
/* End XCBuildConfiguration section */

/* Begin XCConfigurationList section */
		1DEB919308733D9F0010E9CD /* Build configuration list for PBXProject "pong" */ = {
			isa = XCConfigurationList;
			buildConfigurations = (
				4DE68000114BCB9D0003F3E1 /* Runner */,
			);
			defaultConfigurationIsVisible = 0;
			defaultConfigurationName = Runner;
		};
		9B496A131029452E00B64F7F /* Build configuration list for PBXNativeTarget "pong" */ = {
			isa = XCConfigurationList;
			buildConfigurations = (
				4DE68001114BCB9D0003F3E1 /* Runner */,
			);
			defaultConfigurationIsVisible = 0;
			defaultConfigurationName = Runner;
		};
/* End XCConfigurationList section */
	};
	rootObject = 08FB7793FE84155DC02AAC07 /* Project object */;
}
